
Microsoft Visual Studio Solution File, Format Version 12.00
# Visual Studio Version 17
VisualStudioVersion = 17.3.32901.215
MinimumVisualStudioVersion = 10.0.40219.1
Project("{FAE04EC0-301F-11D3-BF4B-00C04F79EFBC}") = "MangaDisplayer", "MangaDisplayer\MangaDisplayer.csproj", "{9785E2B4-F3FF-40A2-A25F-FA6B312FDF1F}"
EndProject
Global
	GlobalSection(SolutionConfigurationPlatforms) = preSolution
		Debug|Any CPU = Debug|Any CPU
		Release|Any CPU = Release|Any CPU
	EndGlobalSection
	GlobalSection(ProjectConfigurationPlatforms) = postSolution
		{9785E2B4-F3FF-40A2-A25F-FA6B312FDF1F}.Debug|Any CPU.ActiveCfg = Debug|Any CPU
		{9785E2B4-F3FF-40A2-A25F-FA6B312FDF1F}.Debug|Any CPU.Build.0 = Debug|Any CPU
		{9785E2B4-F3FF-40A2-A25F-FA6B312FDF1F}.Release|Any CPU.ActiveCfg = Release|Any CPU
		{9785E2B4-F3FF-40A2-A25F-FA6B312FDF1F}.Release|Any CPU.Build.0 = Release|Any CPU
	EndGlobalSection
	GlobalSection(SolutionProperties) = preSolution
		HideSolutionNode = FALSE
	EndGlobalSection
	GlobalSection(ExtensibilityGlobals) = postSolution
		SolutionGuid = {82D7537D-82F3-4B34-806F-9B17074271A0}
	EndGlobalSection
EndGlobal
